
Microsoft Visual Studio Solution File, Format Version 10.00
# Visual C++ Express 2008
Project("{8BC9CEB8-8B4A-11D0-8D11-00A0C91BC942}") = "stringtest", "stringtest.vcproj", "{78BC57E4-F364-4DC5-8123-349CD2A2DF61}"
EndProject
Global
	GlobalSection(SolutionConfigurationPlatforms) = preSolution
		Debug|Win32 = Debug|Win32
		Release|Win32 = Release|Win32
	EndGlobalSection
	GlobalSection(ProjectConfigurationPlatforms) = postSolution
		{78BC57E4-F364-4DC5-8123-349CD2A2DF61}.Debug|Win32.ActiveCfg = Debug|Win32
		{78BC57E4-F364-4DC5-8123-349CD2A2DF61}.Debug|Win32.Build.0 = Debug|Win32
		{78BC57E4-F364-4DC5-8123-349CD2A2DF61}.Release|Win32.ActiveCfg = Release|Win32
		{78BC57E4-F364-4DC5-8123-349CD2A2DF61}.Release|Win32.Build.0 = Release|Win32
	EndGlobalSection
	GlobalSection(SolutionProperties) = preSolution
		HideSolutionNode = FALSE
	EndGlobalSection
EndGlobal
